
Microsoft Visual Studio Solution File, Format Version 12.00
# Visual Studio Version 17
VisualStudioVersion = 17.4.33213.308
MinimumVisualStudioVersion = 10.0.40219.1
Project("{8BC9CEB8-8B4A-11D0-8D11-00A0C91BC942}") = "Task4", "Task4\Task4.vcxproj", "{C6A77E67-E1A5-42A6-8403-CBAA2BB6257A}"
EndProject
Project("{8BC9CEB8-8B4A-11D0-8D11-00A0C91BC942}") = "Client", "Client\Client.vcxproj", "{D70F99A9-2831-4287-9A30-2B28D0107F36}"
EndProject
Global
	GlobalSection(SolutionConfigurationPlatforms) = preSolution
		Debug|x64 = Debug|x64
		Debug|x86 = Debug|x86
		Release|x64 = Release|x64
		Release|x86 = Release|x86
	EndGlobalSection
	GlobalSection(ProjectConfigurationPlatforms) = postSolution
		{C6A77E67-E1A5-42A6-8403-CBAA2BB6257A}.Debug|x64.ActiveCfg = Debug|x64
		{C6A77E67-E1A5-42A6-8403-CBAA2BB6257A}.Debug|x64.Build.0 = Debug|x64
		{C6A77E67-E1A5-42A6-8403-CBAA2BB6257A}.Debug|x86.ActiveCfg = Debug|Win32
		{C6A77E67-E1A5-42A6-8403-CBAA2BB6257A}.Debug|x86.Build.0 = Debug|Win32
		{C6A77E67-E1A5-42A6-8403-CBAA2BB6257A}.Release|x64.ActiveCfg = Release|x64
		{C6A77E67-E1A5-42A6-8403-CBAA2BB6257A}.Release|x64.Build.0 = Release|x64
		{C6A77E67-E1A5-42A6-8403-CBAA2BB6257A}.Release|x86.ActiveCfg = Release|Win32
		{C6A77E67-E1A5-42A6-8403-CBAA2BB6257A}.Release|x86.Build.0 = Release|Win32
		{D70F99A9-2831-4287-9A30-2B28D0107F36}.Debug|x64.ActiveCfg = Debug|x64
		{D70F99A9-2831-4287-9A30-2B28D0107F36}.Debug|x64.Build.0 = Debug|x64
		{D70F99A9-2831-4287-9A30-2B28D0107F36}.Debug|x86.ActiveCfg = Debug|Win32
		{D70F99A9-2831-4287-9A30-2B28D0107F36}.Debug|x86.Build.0 = Debug|Win32
		{D70F99A9-2831-4287-9A30-2B28D0107F36}.Release|x64.ActiveCfg = Release|x64
		{D70F99A9-2831-4287-9A30-2B28D0107F36}.Release|x64.Build.0 = Release|x64
		{D70F99A9-2831-4287-9A30-2B28D0107F36}.Release|x86.ActiveCfg = Release|Win32
		{D70F99A9-2831-4287-9A30-2B28D0107F36}.Release|x86.Build.0 = Release|Win32
	EndGlobalSection
	GlobalSection(SolutionProperties) = preSolution
		HideSolutionNode = FALSE
	EndGlobalSection
	GlobalSection(ExtensibilityGlobals) = postSolution
		SolutionGuid = {DB39E73D-A2B8-4700-A05C-FB54CEBF137B}
	EndGlobalSection
EndGlobal
